
Microsoft Visual Studio Solution File, Format Version 12.00
# Visual Studio 15
VisualStudioVersion = 15.0.28307.329
MinimumVisualStudioVersion = 10.0.40219.1
Project("{FAE04EC0-301F-11D3-BF4B-00C04F79EFBC}") = "api", "api\api.csproj", "{F3E9A84C-E828-4986-85F4-BD714F08E76F}"
EndProject
Global
	GlobalSection(SolutionConfigurationPlatforms) = preSolution
		Debug|Any CPU = Debug|Any CPU
		Release|Any CPU = Release|Any CPU
	EndGlobalSection
	GlobalSection(ProjectConfigurationPlatforms) = postSolution
		{F3E9A84C-E828-4986-85F4-BD714F08E76F}.Debug|Any CPU.ActiveCfg = Debug|Any CPU
		{F3E9A84C-E828-4986-85F4-BD714F08E76F}.Debug|Any CPU.Build.0 = Debug|Any CPU
		{F3E9A84C-E828-4986-85F4-BD714F08E76F}.Release|Any CPU.ActiveCfg = Release|Any CPU
		{F3E9A84C-E828-4986-85F4-BD714F08E76F}.Release|Any CPU.Build.0 = Release|Any CPU
	EndGlobalSection
	GlobalSection(SolutionProperties) = preSolution
		HideSolutionNode = FALSE
	EndGlobalSection
	GlobalSection(ExtensibilityGlobals) = postSolution
		SolutionGuid = {23D2A2D4-4A73-47DB-AE59-7FA123BAC878}
	EndGlobalSection
EndGlobal
